
Microsoft Visual Studio Solution File, Format Version 12.00
# Visual Studio 14
VisualStudioVersion = 14.0.25420.1
MinimumVisualStudioVersion = 10.0.40219.1
Project("{FAE04EC0-301F-11D3-BF4B-00C04F79EFBC}") = "pacman", "pacman\pacman.csproj", "{ECE5A838-E181-493A-B9A2-6ADD01DE37F6}"
EndProject
Project("{FAE04EC0-301F-11D3-BF4B-00C04F79EFBC}") = "Server", "Server\Server.csproj", "{6C4D30B0-B237-4B3A-86D9-53C5027AA465}"
EndProject
Project("{FAE04EC0-301F-11D3-BF4B-00C04F79EFBC}") = "Shared", "Shared\Shared.csproj", "{BC02D5AD-D42E-48B9-AF41-FE2482047445}"
EndProject
Project("{FAE04EC0-301F-11D3-BF4B-00C04F79EFBC}") = "PuppetMaster", "PuppetMaster\PuppetMaster.csproj", "{41866CC7-F731-4EF8-A9B8-76BD6EE37A01}"
EndProject
Project("{FAE04EC0-301F-11D3-BF4B-00C04F79EFBC}") = "ProcessCreationService", "ProcessCreationService\ProcessCreationService.csproj", "{55D9F034-5D3B-4D03-8167-F77FE2555195}"
EndProject
Global
	GlobalSection(SolutionConfigurationPlatforms) = preSolution
		Debug|Any CPU = Debug|Any CPU
		Release|Any CPU = Release|Any CPU
	EndGlobalSection
	GlobalSection(ProjectConfigurationPlatforms) = postSolution
		{ECE5A838-E181-493A-B9A2-6ADD01DE37F6}.Debug|Any CPU.ActiveCfg = Debug|Any CPU
		{ECE5A838-E181-493A-B9A2-6ADD01DE37F6}.Debug|Any CPU.Build.0 = Debug|Any CPU
		{ECE5A838-E181-493A-B9A2-6ADD01DE37F6}.Release|Any CPU.ActiveCfg = Release|Any CPU
		{ECE5A838-E181-493A-B9A2-6ADD01DE37F6}.Release|Any CPU.Build.0 = Release|Any CPU
		{6C4D30B0-B237-4B3A-86D9-53C5027AA465}.Debug|Any CPU.ActiveCfg = Debug|Any CPU
		{6C4D30B0-B237-4B3A-86D9-53C5027AA465}.Debug|Any CPU.Build.0 = Debug|Any CPU
		{6C4D30B0-B237-4B3A-86D9-53C5027AA465}.Release|Any CPU.ActiveCfg = Release|Any CPU
		{6C4D30B0-B237-4B3A-86D9-53C5027AA465}.Release|Any CPU.Build.0 = Release|Any CPU
		{BC02D5AD-D42E-48B9-AF41-FE2482047445}.Debug|Any CPU.ActiveCfg = Debug|Any CPU
		{BC02D5AD-D42E-48B9-AF41-FE2482047445}.Debug|Any CPU.Build.0 = Debug|Any CPU
		{BC02D5AD-D42E-48B9-AF41-FE2482047445}.Release|Any CPU.ActiveCfg = Release|Any CPU
		{BC02D5AD-D42E-48B9-AF41-FE2482047445}.Release|Any CPU.Build.0 = Release|Any CPU
		{41866CC7-F731-4EF8-A9B8-76BD6EE37A01}.Debug|Any CPU.ActiveCfg = Debug|Any CPU
		{41866CC7-F731-4EF8-A9B8-76BD6EE37A01}.Debug|Any CPU.Build.0 = Debug|Any CPU
		{41866CC7-F731-4EF8-A9B8-76BD6EE37A01}.Release|Any CPU.ActiveCfg = Release|Any CPU
		{41866CC7-F731-4EF8-A9B8-76BD6EE37A01}.Release|Any CPU.Build.0 = Release|Any CPU
		{55D9F034-5D3B-4D03-8167-F77FE2555195}.Debug|Any CPU.ActiveCfg = Debug|Any CPU
		{55D9F034-5D3B-4D03-8167-F77FE2555195}.Debug|Any CPU.Build.0 = Debug|Any CPU
		{55D9F034-5D3B-4D03-8167-F77FE2555195}.Release|Any CPU.ActiveCfg = Release|Any CPU
		{55D9F034-5D3B-4D03-8167-F77FE2555195}.Release|Any CPU.Build.0 = Release|Any CPU
	EndGlobalSection
	GlobalSection(SolutionProperties) = preSolution
		HideSolutionNode = FALSE
	EndGlobalSection
EndGlobal
